
Microsoft Visual Studio Solution File, Format Version 12.00
# Visual Studio 14
VisualStudioVersion = 14.0.25420.1
MinimumVisualStudioVersion = 10.0.40219.1
Project("{FAE04EC0-301F-11D3-BF4B-00C04F79EFBC}") = "Carta.Core", "Carta.Core\Carta.Core.csproj", "{86929A8C-3BF1-48AA-9268-BF18C6DB8925}"
EndProject
Project("{FAE04EC0-301F-11D3-BF4B-00C04F79EFBC}") = "Carta.Win", "Carta.Win\Carta.Win.csproj", "{D81795B2-F7CD-471C-895D-7211EF9CA927}"
EndProject
Project("{FAE04EC0-301F-11D3-BF4B-00C04F79EFBC}") = "Carta.Tests", "Carta.Tests\Carta.Tests.csproj", "{EBA8C05A-5A7C-48C5-884A-2DBA07E75A36}"
EndProject
Global
	GlobalSection(SolutionConfigurationPlatforms) = preSolution
		Debug|Any CPU = Debug|Any CPU
		Release|Any CPU = Release|Any CPU
	EndGlobalSection
	GlobalSection(ProjectConfigurationPlatforms) = postSolution
		{86929A8C-3BF1-48AA-9268-BF18C6DB8925}.Debug|Any CPU.ActiveCfg = Debug|Any CPU
		{86929A8C-3BF1-48AA-9268-BF18C6DB8925}.Debug|Any CPU.Build.0 = Debug|Any CPU
		{86929A8C-3BF1-48AA-9268-BF18C6DB8925}.Release|Any CPU.ActiveCfg = Release|Any CPU
		{86929A8C-3BF1-48AA-9268-BF18C6DB8925}.Release|Any CPU.Build.0 = Release|Any CPU
		{D81795B2-F7CD-471C-895D-7211EF9CA927}.Debug|Any CPU.ActiveCfg = Debug|Any CPU
		{D81795B2-F7CD-471C-895D-7211EF9CA927}.Debug|Any CPU.Build.0 = Debug|Any CPU
		{D81795B2-F7CD-471C-895D-7211EF9CA927}.Release|Any CPU.ActiveCfg = Release|Any CPU
		{D81795B2-F7CD-471C-895D-7211EF9CA927}.Release|Any CPU.Build.0 = Release|Any CPU
		{EBA8C05A-5A7C-48C5-884A-2DBA07E75A36}.Debug|Any CPU.ActiveCfg = Debug|Any CPU
		{EBA8C05A-5A7C-48C5-884A-2DBA07E75A36}.Debug|Any CPU.Build.0 = Debug|Any CPU
		{EBA8C05A-5A7C-48C5-884A-2DBA07E75A36}.Release|Any CPU.ActiveCfg = Release|Any CPU
		{EBA8C05A-5A7C-48C5-884A-2DBA07E75A36}.Release|Any CPU.Build.0 = Release|Any CPU
	EndGlobalSection
	GlobalSection(SolutionProperties) = preSolution
		HideSolutionNode = FALSE
	EndGlobalSection
EndGlobal
